
Microsoft Visual Studio Solution File, Format Version 12.00
# Visual Studio 2012
Project("{FAE04EC0-301F-11D3-BF4B-00C04F79EFBC}") = "FloBLEPlus.iOS", "FloBLEPlus.iOS.csproj", "{05866E49-9379-4BF5-B9AE-B23353E970B5}"
EndProject
Project("{FAE04EC0-301F-11D3-BF4B-00C04F79EFBC}") = "Test", "Test\Test.csproj", "{53B41CF5-79DD-48B3-A786-04E31E75998D}"
EndProject
Global
	GlobalSection(SolutionConfigurationPlatforms) = preSolution
		Debug|Any CPU = Debug|Any CPU
		Release|Any CPU = Release|Any CPU
		Debug|iPhoneSimulator = Debug|iPhoneSimulator
		Release|iPhone = Release|iPhone
		Release|iPhoneSimulator = Release|iPhoneSimulator
		Debug|iPhone = Debug|iPhone
	EndGlobalSection
	GlobalSection(ProjectConfigurationPlatforms) = postSolution
		{05866E49-9379-4BF5-B9AE-B23353E970B5}.Debug|Any CPU.ActiveCfg = Debug|Any CPU
		{05866E49-9379-4BF5-B9AE-B23353E970B5}.Debug|Any CPU.Build.0 = Debug|Any CPU
		{05866E49-9379-4BF5-B9AE-B23353E970B5}.Release|Any CPU.ActiveCfg = Release|Any CPU
		{05866E49-9379-4BF5-B9AE-B23353E970B5}.Release|Any CPU.Build.0 = Release|Any CPU
		{05866E49-9379-4BF5-B9AE-B23353E970B5}.Debug|iPhoneSimulator.ActiveCfg = Debug|Any CPU
		{05866E49-9379-4BF5-B9AE-B23353E970B5}.Debug|iPhoneSimulator.Build.0 = Debug|Any CPU
		{05866E49-9379-4BF5-B9AE-B23353E970B5}.Release|iPhone.ActiveCfg = Release|Any CPU
		{05866E49-9379-4BF5-B9AE-B23353E970B5}.Release|iPhone.Build.0 = Release|Any CPU
		{05866E49-9379-4BF5-B9AE-B23353E970B5}.Release|iPhoneSimulator.ActiveCfg = Release|Any CPU
		{05866E49-9379-4BF5-B9AE-B23353E970B5}.Release|iPhoneSimulator.Build.0 = Release|Any CPU
		{05866E49-9379-4BF5-B9AE-B23353E970B5}.Debug|iPhone.ActiveCfg = Debug|Any CPU
		{05866E49-9379-4BF5-B9AE-B23353E970B5}.Debug|iPhone.Build.0 = Debug|Any CPU
		{53B41CF5-79DD-48B3-A786-04E31E75998D}.Debug|Any CPU.ActiveCfg = Debug|iPhoneSimulator
		{53B41CF5-79DD-48B3-A786-04E31E75998D}.Debug|Any CPU.Build.0 = Debug|iPhoneSimulator
		{53B41CF5-79DD-48B3-A786-04E31E75998D}.Release|Any CPU.ActiveCfg = Release|iPhone
		{53B41CF5-79DD-48B3-A786-04E31E75998D}.Release|Any CPU.Build.0 = Release|iPhone
		{53B41CF5-79DD-48B3-A786-04E31E75998D}.Debug|iPhoneSimulator.ActiveCfg = Debug|iPhoneSimulator
		{53B41CF5-79DD-48B3-A786-04E31E75998D}.Debug|iPhoneSimulator.Build.0 = Debug|iPhoneSimulator
		{53B41CF5-79DD-48B3-A786-04E31E75998D}.Release|iPhone.ActiveCfg = Release|iPhone
		{53B41CF5-79DD-48B3-A786-04E31E75998D}.Release|iPhone.Build.0 = Release|iPhone
		{53B41CF5-79DD-48B3-A786-04E31E75998D}.Release|iPhoneSimulator.ActiveCfg = Release|iPhoneSimulator
		{53B41CF5-79DD-48B3-A786-04E31E75998D}.Release|iPhoneSimulator.Build.0 = Release|iPhoneSimulator
		{53B41CF5-79DD-48B3-A786-04E31E75998D}.Debug|iPhone.ActiveCfg = Debug|iPhone
		{53B41CF5-79DD-48B3-A786-04E31E75998D}.Debug|iPhone.Build.0 = Debug|iPhone
	EndGlobalSection
EndGlobal
